// !$*UTF8*$!
{
	archiveVersion = 1;
	classes = {
	};
	objectVersion = 46;
	objects = {

/* Begin PBXBuildFile section */
		00C302E51ABCBA2D00DB3ED1 /* libRCTActionSheet.a in Frameworks */ = {isa = PBXBuildFile; fileRef = 00C302AC1ABCB8CE00DB3ED1 /* libRCTActionSheet.a */; };
		00C302E71ABCBA2D00DB3ED1 /* libRCTGeolocation.a in Frameworks */ = {isa = PBXBuildFile; fileRef = 00C302BA1ABCB90400DB3ED1 /* libRCTGeolocation.a */; };
		00C302E81ABCBA2D00DB3ED1 /* libRCTImage.a in Frameworks */ = {isa = PBXBuildFile; fileRef = 00C302C01ABCB91800DB3ED1 /* libRCTImage.a */; };
		00C302E91ABCBA2D00DB3ED1 /* libRCTNetwork.a in Frameworks */ = {isa = PBXBuildFile; fileRef = 00C302DC1ABCB9D200DB3ED1 /* libRCTNetwork.a */; };
		00C302EA1ABCBA2D00DB3ED1 /* libRCTVibration.a in Frameworks */ = {isa = PBXBuildFile; fileRef = 00C302E41ABCB9EE00DB3ED1 /* libRCTVibration.a */; };
		00E356F31AD99517003FC87E /* DemoDayTests.m in Sources */ = {isa = PBXBuildFile; fileRef = 00E356F21AD99517003FC87E /* DemoDayTests.m */; };
		133E29F31AD74F7200F7D852 /* libRCTLinking.a in Frameworks */ = {isa = PBXBuildFile; fileRef = 78C398B91ACF4ADC00677621 /* libRCTLinking.a */; };
		139105C61AF99C1200B5F7CC /* libRCTSettings.a in Frameworks */ = {isa = PBXBuildFile; fileRef = 139105C11AF99BAD00B5F7CC /* libRCTSettings.a */; };
		139FDEF61B0652A700C62182 /* libRCTWebSocket.a in Frameworks */ = {isa = PBXBuildFile; fileRef = 139FDEF41B06529B00C62182 /* libRCTWebSocket.a */; };
		13B07FBC1A68108700A75B9A /* AppDelegate.m in Sources */ = {isa = PBXBuildFile; fileRef = 13B07FB01A68108700A75B9A /* AppDelegate.m */; };
		13B07FBD1A68108700A75B9A /* LaunchScreen.xib in Resources */ = {isa = PBXBuildFile; fileRef = 13B07FB11A68108700A75B9A /* LaunchScreen.xib */; };
		13B07FBF1A68108700A75B9A /* Images.xcassets in Resources */ = {isa = PBXBuildFile; fileRef = 13B07FB51A68108700A75B9A /* Images.xcassets */; };
		13B07FC11A68108700A75B9A /* main.m in Sources */ = {isa = PBXBuildFile; fileRef = 13B07FB71A68108700A75B9A /* main.m */; };
		140ED2AC1D01E1AD002B40FF /* libReact.a in Frameworks */ = {isa = PBXBuildFile; fileRef = 146834041AC3E56700842450 /* libReact.a */; };
		146834051AC3E58100842450 /* libReact.a in Frameworks */ = {isa = PBXBuildFile; fileRef = 146834041AC3E56700842450 /* libReact.a */; };
		832341BD1AAA6AB300B99B32 /* libRCTText.a in Frameworks */ = {isa = PBXBuildFile; fileRef = 832341B51AAA6A8300B99B32 /* libRCTText.a */; };
		B2045A0E1DA2DA700037E44E /* PhySdk.framework in Frameworks */ = {isa = PBXBuildFile; fileRef = B2045A0D1DA2DA700037E44E /* PhySdk.framework */; };
		B2045A111DA2DA990037E44E /* BeaconBridge.m in Sources */ = {isa = PBXBuildFile; fileRef = B2045A101DA2DA990037E44E /* BeaconBridge.m */; };
		B2045A561DA343C80037E44E /* Entypo.ttf in Resources */ = {isa = PBXBuildFile; fileRef = B2045A4E1DA343C80037E44E /* Entypo.ttf */; };
		B2045A571DA343C80037E44E /* EvilIcons.ttf in Resources */ = {isa = PBXBuildFile; fileRef = B2045A4F1DA343C80037E44E /* EvilIcons.ttf */; };
		B2045A581DA343C80037E44E /* FontAwesome.ttf in Resources */ = {isa = PBXBuildFile; fileRef = B2045A501DA343C80037E44E /* FontAwesome.ttf */; };
		B2045A591DA343C80037E44E /* Foundation.ttf in Resources */ = {isa = PBXBuildFile; fileRef = B2045A511DA343C80037E44E /* Foundation.ttf */; };
		B2045A5A1DA343C80037E44E /* Ionicons.ttf in Resources */ = {isa = PBXBuildFile; fileRef = B2045A521DA343C80037E44E /* Ionicons.ttf */; };
		B2045A5B1DA343C80037E44E /* MaterialIcons.ttf in Resources */ = {isa = PBXBuildFile; fileRef = B2045A531DA343C80037E44E /* MaterialIcons.ttf */; };
		B2045A5C1DA343C80037E44E /* Octicons.ttf in Resources */ = {isa = PBXBuildFile; fileRef = B2045A541DA343C80037E44E /* Octicons.ttf */; };
		B2045A5D1DA343C80037E44E /* Zocial.ttf in Resources */ = {isa = PBXBuildFile; fileRef = B2045A551DA343C80037E44E /* Zocial.ttf */; };
		B222DFB71DBAA18C001B58F6 /* groupstandard.jpg in Resources */ = {isa = PBXBuildFile; fileRef = B222DF9F1DBAA18C001B58F6 /* groupstandard.jpg */; };
		B222DFB81DBAA18C001B58F6 /* logoooo.png in Resources */ = {isa = PBXBuildFile; fileRef = B222DFA01DBAA18C001B58F6 /* logoooo.png */; };
		B222DFB91DBAA18C001B58F6 /* back-icon.png in Resources */ = {isa = PBXBuildFile; fileRef = B222DFA71DBAA18C001B58F6 /* back-icon.png */; };
		B222DFBA1DBAA18C001B58F6 /* back-icon@1.5x.png in Resources */ = {isa = PBXBuildFile; fileRef = B222DFA81DBAA18C001B58F6 /* back-icon@1.5x.png */; };
		B222DFBB1DBAA18C001B58F6 /* back-icon@2x.png in Resources */ = {isa = PBXBuildFile; fileRef = B222DFA91DBAA18C001B58F6 /* back-icon@2x.png */; };
		B222DFBC1DBAA18C001B58F6 /* back-icon@3x.png in Resources */ = {isa = PBXBuildFile; fileRef = B222DFAA1DBAA18C001B58F6 /* back-icon@3x.png */; };
		B222DFBD1DBAA18C001B58F6 /* back-icon@4x.png in Resources */ = {isa = PBXBuildFile; fileRef = B222DFAB1DBAA18C001B58F6 /* back-icon@4x.png */; };
		B222DFBE1DBAA18C001B58F6 /* back.png in Resources */ = {isa = PBXBuildFile; fileRef = B222DFAE1DBAA18C001B58F6 /* back.png */; };
		B222DFBF1DBAA18C001B58F6 /* back@1.5x.png in Resources */ = {isa = PBXBuildFile; fileRef = B222DFAF1DBAA18C001B58F6 /* back@1.5x.png */; };
		B222DFC01DBAA18C001B58F6 /* back@2x.png in Resources */ = {isa = PBXBuildFile; fileRef = B222DFB01DBAA18C001B58F6 /* back@2x.png */; };
		B222DFC11DBAA18C001B58F6 /* back@3x.png in Resources */ = {isa = PBXBuildFile; fileRef = B222DFB11DBAA18C001B58F6 /* back@3x.png */; };
		B222DFC21DBAA18C001B58F6 /* back@4x.png in Resources */ = {isa = PBXBuildFile; fileRef = B222DFB21DBAA18C001B58F6 /* back@4x.png */; };
		B222DFC31DBAA18C001B58F6 /* back_chevron.png in Resources */ = {isa = PBXBuildFile; fileRef = B222DFB51DBAA18C001B58F6 /* back_chevron.png */; };
		B222DFC41DBAA18C001B58F6 /* menu_burger.png in Resources */ = {isa = PBXBuildFile; fileRef = B222DFB61DBAA18C001B58F6 /* menu_burger.png */; };
		B222DFE91DBAA1AF001B58F6 /* groupstandard.jpg in Resources */ = {isa = PBXBuildFile; fileRef = B222DFD11DBAA1AF001B58F6 /* groupstandard.jpg */; };
		B222DFEA1DBAA1AF001B58F6 /* logoooo.png in Resources */ = {isa = PBXBuildFile; fileRef = B222DFD21DBAA1AF001B58F6 /* logoooo.png */; };
		B222DFEB1DBAA1AF001B58F6 /* back-icon.png in Resources */ = {isa = PBXBuildFile; fileRef = B222DFD91DBAA1AF001B58F6 /* back-icon.png */; };
		B222DFEC1DBAA1AF001B58F6 /* back-icon@1.5x.png in Resources */ = {isa = PBXBuildFile; fileRef = B222DFDA1DBAA1AF001B58F6 /* back-icon@1.5x.png */; };
		B222DFED1DBAA1AF001B58F6 /* back-icon@2x.png in Resources */ = {isa = PBXBuildFile; fileRef = B222DFDB1DBAA1AF001B58F6 /* back-icon@2x.png */; };
		B222DFEE1DBAA1AF001B58F6 /* back-icon@3x.png in Resources */ = {isa = PBXBuildFile; fileRef = B222DFDC1DBAA1AF001B58F6 /* back-icon@3x.png */; };
		B222DFEF1DBAA1AF001B58F6 /* back-icon@4x.png in Resources */ = {isa = PBXBuildFile; fileRef = B222DFDD1DBAA1AF001B58F6 /* back-icon@4x.png */; };
		B222DFF01DBAA1AF001B58F6 /* back.png in Resources */ = {isa = PBXBuildFile; fileRef = B222DFE01DBAA1AF001B58F6 /* back.png */; };
		B222DFF11DBAA1AF001B58F6 /* back@1.5x.png in Resources */ = {isa = PBXBuildFile; fileRef = B222DFE11DBAA1AF001B58F6 /* back@1.5x.png */; };
		B222DFF21DBAA1AF001B58F6 /* back@2x.png in Resources */ = {isa = PBXBuildFile; fileRef = B222DFE21DBAA1AF001B58F6 /* back@2x.png */; };
		B222DFF31DBAA1AF001B58F6 /* back@3x.png in Resources */ = {isa = PBXBuildFile; fileRef = B222DFE31DBAA1AF001B58F6 /* back@3x.png */; };
		B222DFF41DBAA1AF001B58F6 /* back@4x.png in Resources */ = {isa = PBXBuildFile; fileRef = B222DFE41DBAA1AF001B58F6 /* back@4x.png */; };
		B222DFF51DBAA1AF001B58F6 /* back_chevron.png in Resources */ = {isa = PBXBuildFile; fileRef = B222DFE71DBAA1AF001B58F6 /* back_chevron.png */; };
		B222DFF61DBAA1AF001B58F6 /* menu_burger.png in Resources */ = {isa = PBXBuildFile; fileRef = B222DFE81DBAA1AF001B58F6 /* menu_burger.png */; };
/* End PBXBuildFile section */

/* Begin PBXContainerItemProxy section */
		00C302AB1ABCB8CE00DB3ED1 /* PBXContainerItemProxy */ = {
			isa = PBXContainerItemProxy;
			containerPortal = 00C302A71ABCB8CE00DB3ED1 /* RCTActionSheet.xcodeproj */;
			proxyType = 2;
			remoteGlobalIDString = 134814201AA4EA6300B7C361;
			remoteInfo = RCTActionSheet;
		};
		00C302B91ABCB90400DB3ED1 /* PBXContainerItemProxy */ = {
			isa = PBXContainerItemProxy;
			containerPortal = 00C302B51ABCB90400DB3ED1 /* RCTGeolocation.xcodeproj */;
			proxyType = 2;
			remoteGlobalIDString = 134814201AA4EA6300B7C361;
			remoteInfo = RCTGeolocation;
		};
		00C302BF1ABCB91800DB3ED1 /* PBXContainerItemProxy */ = {
			isa = PBXContainerItemProxy;
			containerPortal = 00C302BB1ABCB91800DB3ED1 /* RCTImage.xcodeproj */;
			proxyType = 2;
			remoteGlobalIDString = 58B5115D1A9E6B3D00147676;
			remoteInfo = RCTImage;
		};
		00C302DB1ABCB9D200DB3ED1 /* PBXContainerItemProxy */ = {
			isa = PBXContainerItemProxy;
			containerPortal = 00C302D31ABCB9D200DB3ED1 /* RCTNetwork.xcodeproj */;
			proxyType = 2;
			remoteGlobalIDString = 58B511DB1A9E6C8500147676;
			remoteInfo = RCTNetwork;
		};
		00C302E31ABCB9EE00DB3ED1 /* PBXContainerItemProxy */ = {
			isa = PBXContainerItemProxy;
			containerPortal = 00C302DF1ABCB9EE00DB3ED1 /* RCTVibration.xcodeproj */;
			proxyType = 2;
			remoteGlobalIDString = 832C81801AAF6DEF007FA2F7;
			remoteInfo = RCTVibration;
		};
		00E356F41AD99517003FC87E /* PBXContainerItemProxy */ = {
			isa = PBXContainerItemProxy;
			containerPortal = 83CBB9F71A601CBA00E9B192 /* Project object */;
			proxyType = 1;
			remoteGlobalIDString = 13B07F861A680F5B00A75B9A;
			remoteInfo = DemoDay;
		};
		139105C01AF99BAD00B5F7CC /* PBXContainerItemProxy */ = {
			isa = PBXContainerItemProxy;
			containerPortal = 139105B61AF99BAD00B5F7CC /* RCTSettings.xcodeproj */;
			proxyType = 2;
			remoteGlobalIDString = 134814201AA4EA6300B7C361;
			remoteInfo = RCTSettings;
		};
		139FDEF31B06529B00C62182 /* PBXContainerItemProxy */ = {
			isa = PBXContainerItemProxy;
			containerPortal = 139FDEE61B06529A00C62182 /* RCTWebSocket.xcodeproj */;
			proxyType = 2;
			remoteGlobalIDString = 3C86DF461ADF2C930047B81A;
			remoteInfo = RCTWebSocket;
		};
		146834031AC3E56700842450 /* PBXContainerItemProxy */ = {
			isa = PBXContainerItemProxy;
			containerPortal = 146833FF1AC3E56700842450 /* React.xcodeproj */;
			proxyType = 2;
			remoteGlobalIDString = 83CBBA2E1A601D0E00E9B192;
			remoteInfo = React;
		};
		78C398B81ACF4ADC00677621 /* PBXContainerItemProxy */ = {
			isa = PBXContainerItemProxy;
			containerPortal = 78C398B01ACF4ADC00677621 /* RCTLinking.xcodeproj */;
			proxyType = 2;
			remoteGlobalIDString = 134814201AA4EA6300B7C361;
			remoteInfo = RCTLinking;
		};
		832341B41AAA6A8300B99B32 /* PBXContainerItemProxy */ = {
			isa = PBXContainerItemProxy;
			containerPortal = 832341B01AAA6A8300B99B32 /* RCTText.xcodeproj */;
			proxyType = 2;
			remoteGlobalIDString = 58B5119B1A9E6C1200147676;
			remoteInfo = RCTText;
		};
/* End PBXContainerItemProxy section */

/* Begin PBXFileReference section */
		008F07F21AC5B25A0029DE68 /* main.jsbundle */ = {isa = PBXFileReference; fileEncoding = 4; lastKnownFileType = text; path = main.jsbundle; sourceTree = "<group>"; };
		00C302A71ABCB8CE00DB3ED1 /* RCTActionSheet.xcodeproj */ = {isa = PBXFileReference; lastKnownFileType = "wrapper.pb-project"; name = RCTActionSheet.xcodeproj; path = "../node_modules/react-native/Libraries/ActionSheetIOS/RCTActionSheet.xcodeproj"; sourceTree = "<group>"; };
		00C302B51ABCB90400DB3ED1 /* RCTGeolocation.xcodeproj */ = {isa = PBXFileReference; lastKnownFileType = "wrapper.pb-project"; name = RCTGeolocation.xcodeproj; path = "../node_modules/react-native/Libraries/Geolocation/RCTGeolocation.xcodeproj"; sourceTree = "<group>"; };
		00C302BB1ABCB91800DB3ED1 /* RCTImage.xcodeproj */ = {isa = PBXFileReference; lastKnownFileType = "wrapper.pb-project"; name = RCTImage.xcodeproj; path = "../node_modules/react-native/Libraries/Image/RCTImage.xcodeproj"; sourceTree = "<group>"; };
		00C302D31ABCB9D200DB3ED1 /* RCTNetwork.xcodeproj */ = {isa = PBXFileReference; lastKnownFileType = "wrapper.pb-project"; name = RCTNetwork.xcodeproj; path = "../node_modules/react-native/Libraries/Network/RCTNetwork.xcodeproj"; sourceTree = "<group>"; };
		00C302DF1ABCB9EE00DB3ED1 /* RCTVibration.xcodeproj */ = {isa = PBXFileReference; lastKnownFileType = "wrapper.pb-project"; name = RCTVibration.xcodeproj; path = "../node_modules/react-native/Libraries/Vibration/RCTVibration.xcodeproj"; sourceTree = "<group>"; };
		00E356EE1AD99517003FC87E /* DemoDayTests.xctest */ = {isa = PBXFileReference; explicitFileType = wrapper.cfbundle; includeInIndex = 0; path = DemoDayTests.xctest; sourceTree = BUILT_PRODUCTS_DIR; };
		00E356F11AD99517003FC87E /* Info.plist */ = {isa = PBXFileReference; lastKnownFileType = text.plist.xml; path = Info.plist; sourceTree = "<group>"; };
		00E356F21AD99517003FC87E /* DemoDayTests.m */ = {isa = PBXFileReference; lastKnownFileType = sourcecode.c.objc; path = DemoDayTests.m; sourceTree = "<group>"; };
		139105B61AF99BAD00B5F7CC /* RCTSettings.xcodeproj */ = {isa = PBXFileReference; lastKnownFileType = "wrapper.pb-project"; name = RCTSettings.xcodeproj; path = "../node_modules/react-native/Libraries/Settings/RCTSettings.xcodeproj"; sourceTree = "<group>"; };
		139FDEE61B06529A00C62182 /* RCTWebSocket.xcodeproj */ = {isa = PBXFileReference; lastKnownFileType = "wrapper.pb-project"; name = RCTWebSocket.xcodeproj; path = "../node_modules/react-native/Libraries/WebSocket/RCTWebSocket.xcodeproj"; sourceTree = "<group>"; };
		13B07F961A680F5B00A75B9A /* DemoDay.app */ = {isa = PBXFileReference; explicitFileType = wrapper.application; includeInIndex = 0; path = DemoDay.app; sourceTree = BUILT_PRODUCTS_DIR; };
		13B07FAF1A68108700A75B9A /* AppDelegate.h */ = {isa = PBXFileReference; fileEncoding = 4; lastKnownFileType = sourcecode.c.h; name = AppDelegate.h; path = DemoDay/AppDelegate.h; sourceTree = "<group>"; };
		13B07FB01A68108700A75B9A /* AppDelegate.m */ = {isa = PBXFileReference; fileEncoding = 4; lastKnownFileType = sourcecode.c.objc; name = AppDelegate.m; path = DemoDay/AppDelegate.m; sourceTree = "<group>"; };
		13B07FB21A68108700A75B9A /* Base */ = {isa = PBXFileReference; lastKnownFileType = file.xib; name = Base; path = Base.lproj/LaunchScreen.xib; sourceTree = "<group>"; };
		13B07FB51A68108700A75B9A /* Images.xcassets */ = {isa = PBXFileReference; lastKnownFileType = folder.assetcatalog; name = Images.xcassets; path = DemoDay/Images.xcassets; sourceTree = "<group>"; };
		13B07FB61A68108700A75B9A /* Info.plist */ = {isa = PBXFileReference; fileEncoding = 4; lastKnownFileType = text.plist.xml; name = Info.plist; path = DemoDay/Info.plist; sourceTree = "<group>"; };
		13B07FB71A68108700A75B9A /* main.m */ = {isa = PBXFileReference; fileEncoding = 4; lastKnownFileType = sourcecode.c.objc; name = main.m; path = DemoDay/main.m; sourceTree = "<group>"; };
		146833FF1AC3E56700842450 /* React.xcodeproj */ = {isa = PBXFileReference; lastKnownFileType = "wrapper.pb-project"; name = React.xcodeproj; path = "../node_modules/react-native/React/React.xcodeproj"; sourceTree = "<group>"; };
		78C398B01ACF4ADC00677621 /* RCTLinking.xcodeproj */ = {isa = PBXFileReference; lastKnownFileType = "wrapper.pb-project"; name = RCTLinking.xcodeproj; path = "../node_modules/react-native/Libraries/LinkingIOS/RCTLinking.xcodeproj"; sourceTree = "<group>"; };
		832341B01AAA6A8300B99B32 /* RCTText.xcodeproj */ = {isa = PBXFileReference; lastKnownFileType = "wrapper.pb-project"; name = RCTText.xcodeproj; path = "../node_modules/react-native/Libraries/Text/RCTText.xcodeproj"; sourceTree = "<group>"; };
		B2045A0D1DA2DA700037E44E /* PhySdk.framework */ = {isa = PBXFileReference; lastKnownFileType = wrapper.framework; path = PhySdk.framework; sourceTree = "<group>"; };
		B2045A0F1DA2DA990037E44E /* BeaconBridge.h */ = {isa = PBXFileReference; fileEncoding = 4; lastKnownFileType = sourcecode.c.h; path = BeaconBridge.h; sourceTree = "<group>"; };
		B2045A101DA2DA990037E44E /* BeaconBridge.m */ = {isa = PBXFileReference; fileEncoding = 4; lastKnownFileType = sourcecode.c.objc; path = BeaconBridge.m; sourceTree = "<group>"; };
		B2045A4E1DA343C80037E44E /* Entypo.ttf */ = {isa = PBXFileReference; lastKnownFileType = file; path = Entypo.ttf; sourceTree = "<group>"; };
		B2045A4F1DA343C80037E44E /* EvilIcons.ttf */ = {isa = PBXFileReference; lastKnownFileType = file; path = EvilIcons.ttf; sourceTree = "<group>"; };
		B2045A501DA343C80037E44E /* FontAwesome.ttf */ = {isa = PBXFileReference; lastKnownFileType = file; path = FontAwesome.ttf; sourceTree = "<group>"; };
		B2045A511DA343C80037E44E /* Foundation.ttf */ = {isa = PBXFileReference; lastKnownFileType = file; path = Foundation.ttf; sourceTree = "<group>"; };
		B2045A521DA343C80037E44E /* Ionicons.ttf */ = {isa = PBXFileReference; lastKnownFileType = file; path = Ionicons.ttf; sourceTree = "<group>"; };
		B2045A531DA343C80037E44E /* MaterialIcons.ttf */ = {isa = PBXFileReference; lastKnownFileType = file; path = MaterialIcons.ttf; sourceTree = "<group>"; };
		B2045A541DA343C80037E44E /* Octicons.ttf */ = {isa = PBXFileReference; lastKnownFileType = file; path = Octicons.ttf; sourceTree = "<group>"; };
		B2045A551DA343C80037E44E /* Zocial.ttf */ = {isa = PBXFileReference; lastKnownFileType = file; path = Zocial.ttf; sourceTree = "<group>"; };
		B222DF9F1DBAA18C001B58F6 /* groupstandard.jpg */ = {isa = PBXFileReference; lastKnownFileType = image.jpeg; path = groupstandard.jpg; sourceTree = "<group>"; };
		B222DFA01DBAA18C001B58F6 /* logoooo.png */ = {isa = PBXFileReference; lastKnownFileType = image.png; path = logoooo.png; sourceTree = "<group>"; };
		B222DFA71DBAA18C001B58F6 /* back-icon.png */ = {isa = PBXFileReference; lastKnownFileType = image.png; path = "back-icon.png"; sourceTree = "<group>"; };
		B222DFA81DBAA18C001B58F6 /* back-icon@1.5x.png */ = {isa = PBXFileReference; lastKnownFileType = image.png; path = "back-icon@1.5x.png"; sourceTree = "<group>"; };
		B222DFA91DBAA18C001B58F6 /* back-icon@2x.png */ = {isa = PBXFileReference; lastKnownFileType = image.png; path = "back-icon@2x.png"; sourceTree = "<group>"; };
		B222DFAA1DBAA18C001B58F6 /* back-icon@3x.png */ = {isa = PBXFileReference; lastKnownFileType = image.png; path = "back-icon@3x.png"; sourceTree = "<group>"; };
		B222DFAB1DBAA18C001B58F6 /* back-icon@4x.png */ = {isa = PBXFileReference; lastKnownFileType = image.png; path = "back-icon@4x.png"; sourceTree = "<group>"; };
		B222DFAE1DBAA18C001B58F6 /* back.png */ = {isa = PBXFileReference; lastKnownFileType = image.png; path = back.png; sourceTree = "<group>"; };
		B222DFAF1DBAA18C001B58F6 /* back@1.5x.png */ = {isa = PBXFileReference; lastKnownFileType = image.png; path = "back@1.5x.png"; sourceTree = "<group>"; };
		B222DFB01DBAA18C001B58F6 /* back@2x.png */ = {isa = PBXFileReference; lastKnownFileType = image.png; path = "back@2x.png"; sourceTree = "<group>"; };
		B222DFB11DBAA18C001B58F6 /* back@3x.png */ = {isa = PBXFileReference; lastKnownFileType = image.png; path = "back@3x.png"; sourceTree = "<group>"; };
		B222DFB21DBAA18C001B58F6 /* back@4x.png */ = {isa = PBXFileReference; lastKnownFileType = image.png; path = "back@4x.png"; sourceTree = "<group>"; };
		B222DFB51DBAA18C001B58F6 /* back_chevron.png */ = {isa = PBXFileReference; lastKnownFileType = image.png; path = back_chevron.png; sourceTree = "<group>"; };
		B222DFB61DBAA18C001B58F6 /* menu_burger.png */ = {isa = PBXFileReference; lastKnownFileType = image.png; path = menu_burger.png; sourceTree = "<group>"; };
		B222DFD11DBAA1AF001B58F6 /* groupstandard.jpg */ = {isa = PBXFileReference; lastKnownFileType = image.jpeg; path = groupstandard.jpg; sourceTree = "<group>"; };
		B222DFD21DBAA1AF001B58F6 /* logoooo.png */ = {isa = PBXFileReference; lastKnownFileType = image.png; path = logoooo.png; sourceTree = "<group>"; };
		B222DFD91DBAA1AF001B58F6 /* back-icon.png */ = {isa = PBXFileReference; lastKnownFileType = image.png; path = "back-icon.png"; sourceTree = "<group>"; };
		B222DFDA1DBAA1AF001B58F6 /* back-icon@1.5x.png */ = {isa = PBXFileReference; lastKnownFileType = image.png; path = "back-icon@1.5x.png"; sourceTree = "<group>"; };
		B222DFDB1DBAA1AF001B58F6 /* back-icon@2x.png */ = {isa = PBXFileReference; lastKnownFileType = image.png; path = "back-icon@2x.png"; sourceTree = "<group>"; };
		B222DFDC1DBAA1AF001B58F6 /* back-icon@3x.png */ = {isa = PBXFileReference; lastKnownFileType = image.png; path = "back-icon@3x.png"; sourceTree = "<group>"; };
		B222DFDD1DBAA1AF001B58F6 /* back-icon@4x.png */ = {isa = PBXFileReference; lastKnownFileType = image.png; path = "back-icon@4x.png"; sourceTree = "<group>"; };
		B222DFE01DBAA1AF001B58F6 /* back.png */ = {isa = PBXFileReference; lastKnownFileType = image.png; path = back.png; sourceTree = "<group>"; };
		B222DFE11DBAA1AF001B58F6 /* back@1.5x.png */ = {isa = PBXFileReference; lastKnownFileType = image.png; path = "back@1.5x.png"; sourceTree = "<group>"; };
		B222DFE21DBAA1AF001B58F6 /* back@2x.png */ = {isa = PBXFileReference; lastKnownFileType = image.png; path = "back@2x.png"; sourceTree = "<group>"; };
		B222DFE31DBAA1AF001B58F6 /* back@3x.png */ = {isa = PBXFileReference; lastKnownFileType = image.png; path = "back@3x.png"; sourceTree = "<group>"; };
		B222DFE41DBAA1AF001B58F6 /* back@4x.png */ = {isa = PBXFileReference; lastKnownFileType = image.png; path = "back@4x.png"; sourceTree = "<group>"; };
		B222DFE71DBAA1AF001B58F6 /* back_chevron.png */ = {isa = PBXFileReference; lastKnownFileType = image.png; path = back_chevron.png; sourceTree = "<group>"; };
		B222DFE81DBAA1AF001B58F6 /* menu_burger.png */ = {isa = PBXFileReference; lastKnownFileType = image.png; path = menu_burger.png; sourceTree = "<group>"; };
/* End PBXFileReference section */

/* Begin PBXFrameworksBuildPhase section */
		00E356EB1AD99517003FC87E /* Frameworks */ = {
			isa = PBXFrameworksBuildPhase;
			buildActionMask = 2147483647;
			files = (
				140ED2AC1D01E1AD002B40FF /* libReact.a in Frameworks */,
			);
			runOnlyForDeploymentPostprocessing = 0;
		};
		13B07F8C1A680F5B00A75B9A /* Frameworks */ = {
			isa = PBXFrameworksBuildPhase;
			buildActionMask = 2147483647;
			files = (
				146834051AC3E58100842450 /* libReact.a in Frameworks */,
				00C302E51ABCBA2D00DB3ED1 /* libRCTActionSheet.a in Frameworks */,
				00C302E71ABCBA2D00DB3ED1 /* libRCTGeolocation.a in Frameworks */,
				00C302E81ABCBA2D00DB3ED1 /* libRCTImage.a in Frameworks */,
				133E29F31AD74F7200F7D852 /* libRCTLinking.a in Frameworks */,
				00C302E91ABCBA2D00DB3ED1 /* libRCTNetwork.a in Frameworks */,
				139105C61AF99C1200B5F7CC /* libRCTSettings.a in Frameworks */,
				832341BD1AAA6AB300B99B32 /* libRCTText.a in Frameworks */,
				00C302EA1ABCBA2D00DB3ED1 /* libRCTVibration.a in Frameworks */,
				139FDEF61B0652A700C62182 /* libRCTWebSocket.a in Frameworks */,
				B2045A0E1DA2DA700037E44E /* PhySdk.framework in Frameworks */,
			);
			runOnlyForDeploymentPostprocessing = 0;
		};
/* End PBXFrameworksBuildPhase section */

/* Begin PBXGroup section */
		00C302A81ABCB8CE00DB3ED1 /* Products */ = {
			isa = PBXGroup;
			children = (
				00C302AC1ABCB8CE00DB3ED1 /* libRCTActionSheet.a */,
			);
			name = Products;
			sourceTree = "<group>";
		};
		00C302B61ABCB90400DB3ED1 /* Products */ = {
			isa = PBXGroup;
			children = (
				00C302BA1ABCB90400DB3ED1 /* libRCTGeolocation.a */,
			);
			name = Products;
			sourceTree = "<group>";
		};
		00C302BC1ABCB91800DB3ED1 /* Products */ = {
			isa = PBXGroup;
			children = (
				00C302C01ABCB91800DB3ED1 /* libRCTImage.a */,
			);
			name = Products;
			sourceTree = "<group>";
		};
		00C302D41ABCB9D200DB3ED1 /* Products */ = {
			isa = PBXGroup;
			children = (
				00C302DC1ABCB9D200DB3ED1 /* libRCTNetwork.a */,
			);
			name = Products;
			sourceTree = "<group>";
		};
		00C302E01ABCB9EE00DB3ED1 /* Products */ = {
			isa = PBXGroup;
			children = (
				00C302E41ABCB9EE00DB3ED1 /* libRCTVibration.a */,
			);
			name = Products;
			sourceTree = "<group>";
		};
		00E356EF1AD99517003FC87E /* DemoDayTests */ = {
			isa = PBXGroup;
			children = (
				00E356F21AD99517003FC87E /* DemoDayTests.m */,
				00E356F01AD99517003FC87E /* Supporting Files */,
			);
			path = DemoDayTests;
			sourceTree = "<group>";
		};
		00E356F01AD99517003FC87E /* Supporting Files */ = {
			isa = PBXGroup;
			children = (
				00E356F11AD99517003FC87E /* Info.plist */,
			);
			name = "Supporting Files";
			sourceTree = "<group>";
		};
		139105B71AF99BAD00B5F7CC /* Products */ = {
			isa = PBXGroup;
			children = (
				139105C11AF99BAD00B5F7CC /* libRCTSettings.a */,
			);
			name = Products;
			sourceTree = "<group>";
		};
		139FDEE71B06529A00C62182 /* Products */ = {
			isa = PBXGroup;
			children = (
				139FDEF41B06529B00C62182 /* libRCTWebSocket.a */,
			);
			name = Products;
			sourceTree = "<group>";
		};
		13B07FAE1A68108700A75B9A /* DemoDay */ = {
			isa = PBXGroup;
			children = (
				B222DFCF1DBAA1AF001B58F6 /* assets */,
				008F07F21AC5B25A0029DE68 /* main.jsbundle */,
				13B07FAF1A68108700A75B9A /* AppDelegate.h */,
				13B07FB01A68108700A75B9A /* AppDelegate.m */,
				13B07FB51A68108700A75B9A /* Images.xcassets */,
				13B07FB61A68108700A75B9A /* Info.plist */,
				13B07FB11A68108700A75B9A /* LaunchScreen.xib */,
				13B07FB71A68108700A75B9A /* main.m */,
			);
			name = DemoDay;
			sourceTree = "<group>";
		};
		146834001AC3E56700842450 /* Products */ = {
			isa = PBXGroup;
			children = (
				146834041AC3E56700842450 /* libReact.a */,
			);
			name = Products;
			sourceTree = "<group>";
		};
		78C398B11ACF4ADC00677621 /* Products */ = {
			isa = PBXGroup;
			children = (
				78C398B91ACF4ADC00677621 /* libRCTLinking.a */,
			);
			name = Products;
			sourceTree = "<group>";
		};
		832341AE1AAA6A7D00B99B32 /* Libraries */ = {
			isa = PBXGroup;
			children = (
				146833FF1AC3E56700842450 /* React.xcodeproj */,
				00C302A71ABCB8CE00DB3ED1 /* RCTActionSheet.xcodeproj */,
				00C302B51ABCB90400DB3ED1 /* RCTGeolocation.xcodeproj */,
				00C302BB1ABCB91800DB3ED1 /* RCTImage.xcodeproj */,
				78C398B01ACF4ADC00677621 /* RCTLinking.xcodeproj */,
				00C302D31ABCB9D200DB3ED1 /* RCTNetwork.xcodeproj */,
				139105B61AF99BAD00B5F7CC /* RCTSettings.xcodeproj */,
				832341B01AAA6A8300B99B32 /* RCTText.xcodeproj */,
				00C302DF1ABCB9EE00DB3ED1 /* RCTVibration.xcodeproj */,
				139FDEE61B06529A00C62182 /* RCTWebSocket.xcodeproj */,
			);
			name = Libraries;
			sourceTree = "<group>";
		};
		832341B11AAA6A8300B99B32 /* Products */ = {
			isa = PBXGroup;
			children = (
				832341B51AAA6A8300B99B32 /* libRCTText.a */,
			);
			name = Products;
			sourceTree = "<group>";
		};
		83CBB9F61A601CBA00E9B192 = {
			isa = PBXGroup;
			children = (
				B222DF9D1DBAA18C001B58F6 /* assets */,
				B2045A4D1DA343C70037E44E /* Fonts */,
				B2045A0F1DA2DA990037E44E /* BeaconBridge.h */,
				B2045A101DA2DA990037E44E /* BeaconBridge.m */,
				B2045A0D1DA2DA700037E44E /* PhySdk.framework */,
				13B07FAE1A68108700A75B9A /* DemoDay */,
				832341AE1AAA6A7D00B99B32 /* Libraries */,
				00E356EF1AD99517003FC87E /* DemoDayTests */,
				83CBBA001A601CBA00E9B192 /* Products */,
			);
			indentWidth = 2;
			sourceTree = "<group>";
			tabWidth = 2;
		};
		83CBBA001A601CBA00E9B192 /* Products */ = {
			isa = PBXGroup;
			children = (
				13B07F961A680F5B00A75B9A /* DemoDay.app */,
				00E356EE1AD99517003FC87E /* DemoDayTests.xctest */,
			);
			name = Products;
			sourceTree = "<group>";
		};
		B2045A4D1DA343C70037E44E /* Fonts */ = {
			isa = PBXGroup;
			children = (
				B2045A4E1DA343C80037E44E /* Entypo.ttf */,
				B2045A4F1DA343C80037E44E /* EvilIcons.ttf */,
				B2045A501DA343C80037E44E /* FontAwesome.ttf */,
				B2045A511DA343C80037E44E /* Foundation.ttf */,
				B2045A521DA343C80037E44E /* Ionicons.ttf */,
				B2045A531DA343C80037E44E /* MaterialIcons.ttf */,
				B2045A541DA343C80037E44E /* Octicons.ttf */,
				B2045A551DA343C80037E44E /* Zocial.ttf */,
			);
			path = Fonts;
			sourceTree = "<group>";
		};
		B222DF9D1DBAA18C001B58F6 /* assets */ = {
			isa = PBXGroup;
			children = (
				B222DF9E1DBAA18C001B58F6 /* imgs */,
				B222DFA11DBAA18C001B58F6 /* node_modules */,
			);
			path = assets;
			sourceTree = "<group>";
		};
		B222DF9E1DBAA18C001B58F6 /* imgs */ = {
			isa = PBXGroup;
			children = (
				B222DF9F1DBAA18C001B58F6 /* groupstandard.jpg */,
				B222DFA01DBAA18C001B58F6 /* logoooo.png */,
			);
			path = imgs;
			sourceTree = "<group>";
		};
		B222DFA11DBAA18C001B58F6 /* node_modules */ = {
			isa = PBXGroup;
			children = (
				B222DFA21DBAA18C001B58F6 /* react-native */,
				B222DFAC1DBAA18C001B58F6 /* react-native-experimental-navigation */,
				B222DFB31DBAA18C001B58F6 /* react-native-router-flux */,
			);
			path = node_modules;
			sourceTree = "<group>";
		};
		B222DFA21DBAA18C001B58F6 /* react-native */ = {
			isa = PBXGroup;
			children = (
				B222DFA31DBAA18C001B58F6 /* Libraries */,
			);
			path = "react-native";
			sourceTree = "<group>";
		};
		B222DFA31DBAA18C001B58F6 /* Libraries */ = {
			isa = PBXGroup;
			children = (
				B222DFA41DBAA18C001B58F6 /* CustomComponents */,
			);
			path = Libraries;
			sourceTree = "<group>";
		};
		B222DFA41DBAA18C001B58F6 /* CustomComponents */ = {
			isa = PBXGroup;
			children = (
				B222DFA51DBAA18C001B58F6 /* NavigationExperimental */,
			);
			path = CustomComponents;
			sourceTree = "<group>";
		};
		B222DFA51DBAA18C001B58F6 /* NavigationExperimental */ = {
			isa = PBXGroup;
			children = (
				B222DFA61DBAA18C001B58F6 /* assets */,
			);
			path = NavigationExperimental;
			sourceTree = "<group>";
		};
		B222DFA61DBAA18C001B58F6 /* assets */ = {
			isa = PBXGroup;
			children = (
				B222DFA71DBAA18C001B58F6 /* back-icon.png */,
				B222DFA81DBAA18C001B58F6 /* back-icon@1.5x.png */,
				B222DFA91DBAA18C001B58F6 /* back-icon@2x.png */,
				B222DFAA1DBAA18C001B58F6 /* back-icon@3x.png */,
				B222DFAB1DBAA18C001B58F6 /* back-icon@4x.png */,
			);
			path = assets;
			sourceTree = "<group>";
		};
		B222DFAC1DBAA18C001B58F6 /* react-native-experimental-navigation */ = {
			isa = PBXGroup;
			children = (
				B222DFAD1DBAA18C001B58F6 /* assets */,
			);
			path = "react-native-experimental-navigation";
			sourceTree = "<group>";
		};
		B222DFAD1DBAA18C001B58F6 /* assets */ = {
			isa = PBXGroup;
			children = (
				B222DFAE1DBAA18C001B58F6 /* back.png */,
				B222DFAF1DBAA18C001B58F6 /* back@1.5x.png */,
				B222DFB01DBAA18C001B58F6 /* back@2x.png */,
				B222DFB11DBAA18C001B58F6 /* back@3x.png */,
				B222DFB21DBAA18C001B58F6 /* back@4x.png */,
			);
			path = assets;
			sourceTree = "<group>";
		};
		B222DFB31DBAA18C001B58F6 /* react-native-router-flux */ = {
			isa = PBXGroup;
			children = (
				B222DFB41DBAA18C001B58F6 /* src */,
			);
			path = "react-native-router-flux";
			sourceTree = "<group>";
		};
		B222DFB41DBAA18C001B58F6 /* src */ = {
			isa = PBXGroup;
			children = (
				B222DFB51DBAA18C001B58F6 /* back_chevron.png */,
				B222DFB61DBAA18C001B58F6 /* menu_burger.png */,
			);
			path = src;
			sourceTree = "<group>";
		};
		B222DFCF1DBAA1AF001B58F6 /* assets */ = {
			isa = PBXGroup;
			children = (
				B222DFD01DBAA1AF001B58F6 /* imgs */,
				B222DFD31DBAA1AF001B58F6 /* node_modules */,
			);
			path = assets;
			sourceTree = "<group>";
		};
		B222DFD01DBAA1AF001B58F6 /* imgs */ = {
			isa = PBXGroup;
			children = (
				B222DFD11DBAA1AF001B58F6 /* groupstandard.jpg */,
				B222DFD21DBAA1AF001B58F6 /* logoooo.png */,
			);
			path = imgs;
			sourceTree = "<group>";
		};
		B222DFD31DBAA1AF001B58F6 /* node_modules */ = {
			isa = PBXGroup;
			children = (
				B222DFD41DBAA1AF001B58F6 /* react-native */,
				B222DFDE1DBAA1AF001B58F6 /* react-native-experimental-navigation */,
				B222DFE51DBAA1AF001B58F6 /* react-native-router-flux */,
			);
			path = node_modules;
			sourceTree = "<group>";
		};
		B222DFD41DBAA1AF001B58F6 /* react-native */ = {
			isa = PBXGroup;
			children = (
				B222DFD51DBAA1AF001B58F6 /* Libraries */,
			);
			path = "react-native";
			sourceTree = "<group>";
		};
		B222DFD51DBAA1AF001B58F6 /* Libraries */ = {
			isa = PBXGroup;
			children = (
				B222DFD61DBAA1AF001B58F6 /* CustomComponents */,
			);
			path = Libraries;
			sourceTree = "<group>";
		};
		B222DFD61DBAA1AF001B58F6 /* CustomComponents */ = {
			isa = PBXGroup;
			children = (
				B222DFD71DBAA1AF001B58F6 /* NavigationExperimental */,
			);
			path = CustomComponents;
			sourceTree = "<group>";
		};
		B222DFD71DBAA1AF001B58F6 /* NavigationExperimental */ = {
			isa = PBXGroup;
			children = (
				B222DFD81DBAA1AF001B58F6 /* assets */,
			);
			path = NavigationExperimental;
			sourceTree = "<group>";
		};
		B222DFD81DBAA1AF001B58F6 /* assets */ = {
			isa = PBXGroup;
			children = (
				B222DFD91DBAA1AF001B58F6 /* back-icon.png */,
				B222DFDA1DBAA1AF001B58F6 /* back-icon@1.5x.png */,
				B222DFDB1DBAA1AF001B58F6 /* back-icon@2x.png */,
				B222DFDC1DBAA1AF001B58F6 /* back-icon@3x.png */,
				B222DFDD1DBAA1AF001B58F6 /* back-icon@4x.png */,
			);
			path = assets;
			sourceTree = "<group>";
		};
		B222DFDE1DBAA1AF001B58F6 /* react-native-experimental-navigation */ = {
			isa = PBXGroup;
			children = (
				B222DFDF1DBAA1AF001B58F6 /* assets */,
			);
			path = "react-native-experimental-navigation";
			sourceTree = "<group>";
		};
		B222DFDF1DBAA1AF001B58F6 /* assets */ = {
			isa = PBXGroup;
			children = (
				B222DFE01DBAA1AF001B58F6 /* back.png */,
				B222DFE11DBAA1AF001B58F6 /* back@1.5x.png */,
				B222DFE21DBAA1AF001B58F6 /* back@2x.png */,
				B222DFE31DBAA1AF001B58F6 /* back@3x.png */,
				B222DFE41DBAA1AF001B58F6 /* back@4x.png */,
			);
			path = assets;
			sourceTree = "<group>";
		};
		B222DFE51DBAA1AF001B58F6 /* react-native-router-flux */ = {
			isa = PBXGroup;
			children = (
				B222DFE61DBAA1AF001B58F6 /* src */,
			);
			path = "react-native-router-flux";
			sourceTree = "<group>";
		};
		B222DFE61DBAA1AF001B58F6 /* src */ = {
			isa = PBXGroup;
			children = (
				B222DFE71DBAA1AF001B58F6 /* back_chevron.png */,
				B222DFE81DBAA1AF001B58F6 /* menu_burger.png */,
			);
			path = src;
			sourceTree = "<group>";
		};
/* End PBXGroup section */

/* Begin PBXNativeTarget section */
		00E356ED1AD99517003FC87E /* DemoDayTests */ = {
			isa = PBXNativeTarget;
			buildConfigurationList = 00E357021AD99517003FC87E /* Build configuration list for PBXNativeTarget "DemoDayTests" */;
			buildPhases = (
				00E356EA1AD99517003FC87E /* Sources */,
				00E356EB1AD99517003FC87E /* Frameworks */,
				00E356EC1AD99517003FC87E /* Resources */,
			);
			buildRules = (
			);
			dependencies = (
				00E356F51AD99517003FC87E /* PBXTargetDependency */,
			);
			name = DemoDayTests;
			productName = DemoDayTests;
			productReference = 00E356EE1AD99517003FC87E /* DemoDayTests.xctest */;
			productType = "com.apple.product-type.bundle.unit-test";
		};
		13B07F861A680F5B00A75B9A /* DemoDay */ = {
			isa = PBXNativeTarget;
			buildConfigurationList = 13B07F931A680F5B00A75B9A /* Build configuration list for PBXNativeTarget "DemoDay" */;
			buildPhases = (
				13B07F871A680F5B00A75B9A /* Sources */,
				13B07F8C1A680F5B00A75B9A /* Frameworks */,
				13B07F8E1A680F5B00A75B9A /* Resources */,
				00DD1BFF1BD5951E006B06BC /* Bundle React Native code and images */,
			);
			buildRules = (
			);
			dependencies = (
			);
			name = DemoDay;
			productName = "Hello World";
			productReference = 13B07F961A680F5B00A75B9A /* DemoDay.app */;
			productType = "com.apple.product-type.application";
		};
/* End PBXNativeTarget section */

/* Begin PBXProject section */
		83CBB9F71A601CBA00E9B192 /* Project object */ = {
			isa = PBXProject;
			attributes = {
				LastUpgradeCheck = 0800;
				ORGANIZATIONNAME = Facebook;
				TargetAttributes = {
					00E356ED1AD99517003FC87E = {
						CreatedOnToolsVersion = 6.2;
						DevelopmentTeam = G569BU5XT9;
						TestTargetID = 13B07F861A680F5B00A75B9A;
					};
					13B07F861A680F5B00A75B9A = {
						DevelopmentTeam = G569BU5XT9;
						ProvisioningStyle = Manual;
					};
				};
			};
			buildConfigurationList = 83CBB9FA1A601CBA00E9B192 /* Build configuration list for PBXProject "DemoDay" */;
			compatibilityVersion = "Xcode 3.2";
			developmentRegion = English;
			hasScannedForEncodings = 0;
			knownRegions = (
				en,
				Base,
			);
			mainGroup = 83CBB9F61A601CBA00E9B192;
			productRefGroup = 83CBBA001A601CBA00E9B192 /* Products */;
			projectDirPath = "";
			projectReferences = (
				{
					ProductGroup = 00C302A81ABCB8CE00DB3ED1 /* Products */;
					ProjectRef = 00C302A71ABCB8CE00DB3ED1 /* RCTActionSheet.xcodeproj */;
				},
				{
					ProductGroup = 00C302B61ABCB90400DB3ED1 /* Products */;
					ProjectRef = 00C302B51ABCB90400DB3ED1 /* RCTGeolocation.xcodeproj */;
				},
				{
					ProductGroup = 00C302BC1ABCB91800DB3ED1 /* Products */;
					ProjectRef = 00C302BB1ABCB91800DB3ED1 /* RCTImage.xcodeproj */;
				},
				{
					ProductGroup = 78C398B11ACF4ADC00677621 /* Products */;
					ProjectRef = 78C398B01ACF4ADC00677621 /* RCTLinking.xcodeproj */;
				},
				{
					ProductGroup = 00C302D41ABCB9D200DB3ED1 /* Products */;
					ProjectRef = 00C302D31ABCB9D200DB3ED1 /* RCTNetwork.xcodeproj */;
				},
				{
					ProductGroup = 139105B71AF99BAD00B5F7CC /* Products */;
					ProjectRef = 139105B61AF99BAD00B5F7CC /* RCTSettings.xcodeproj */;
				},
				{
					ProductGroup = 832341B11AAA6A8300B99B32 /* Products */;
					ProjectRef = 832341B01AAA6A8300B99B32 /* RCTText.xcodeproj */;
				},
				{
					ProductGroup = 00C302E01ABCB9EE00DB3ED1 /* Products */;
					ProjectRef = 00C302DF1ABCB9EE00DB3ED1 /* RCTVibration.xcodeproj */;
				},
				{
					ProductGroup = 139FDEE71B06529A00C62182 /* Products */;
					ProjectRef = 139FDEE61B06529A00C62182 /* RCTWebSocket.xcodeproj */;
				},
				{
					ProductGroup = 146834001AC3E56700842450 /* Products */;
					ProjectRef = 146833FF1AC3E56700842450 /* React.xcodeproj */;
				},
			);
			projectRoot = "";
			targets = (
				13B07F861A680F5B00A75B9A /* DemoDay */,
				00E356ED1AD99517003FC87E /* DemoDayTests */,
			);
		};
/* End PBXProject section */

/* Begin PBXReferenceProxy section */
		00C302AC1ABCB8CE00DB3ED1 /* libRCTActionSheet.a */ = {
			isa = PBXReferenceProxy;
			fileType = archive.ar;
			path = libRCTActionSheet.a;
			remoteRef = 00C302AB1ABCB8CE00DB3ED1 /* PBXContainerItemProxy */;
			sourceTree = BUILT_PRODUCTS_DIR;
		};
		00C302BA1ABCB90400DB3ED1 /* libRCTGeolocation.a */ = {
			isa = PBXReferenceProxy;
			fileType = archive.ar;
			path = libRCTGeolocation.a;
			remoteRef = 00C302B91ABCB90400DB3ED1 /* PBXContainerItemProxy */;
			sourceTree = BUILT_PRODUCTS_DIR;
		};
		00C302C01ABCB91800DB3ED1 /* libRCTImage.a */ = {
			isa = PBXReferenceProxy;
			fileType = archive.ar;
			path = libRCTImage.a;
			remoteRef = 00C302BF1ABCB91800DB3ED1 /* PBXContainerItemProxy */;
			sourceTree = BUILT_PRODUCTS_DIR;
		};
		00C302DC1ABCB9D200DB3ED1 /* libRCTNetwork.a */ = {
			isa = PBXReferenceProxy;
			fileType = archive.ar;
			path = libRCTNetwork.a;
			remoteRef = 00C302DB1ABCB9D200DB3ED1 /* PBXContainerItemProxy */;
			sourceTree = BUILT_PRODUCTS_DIR;
		};
		00C302E41ABCB9EE00DB3ED1 /* libRCTVibration.a */ = {
			isa = PBXReferenceProxy;
			fileType = archive.ar;
			path = libRCTVibration.a;
			remoteRef = 00C302E31ABCB9EE00DB3ED1 /* PBXContainerItemProxy */;
			sourceTree = BUILT_PRODUCTS_DIR;
		};
		139105C11AF99BAD00B5F7CC /* libRCTSettings.a */ = {
			isa = PBXReferenceProxy;
			fileType = archive.ar;
			path = libRCTSettings.a;
			remoteRef = 139105C01AF99BAD00B5F7CC /* PBXContainerItemProxy */;
			sourceTree = BUILT_PRODUCTS_DIR;
		};
		139FDEF41B06529B00C62182 /* libRCTWebSocket.a */ = {
			isa = PBXReferenceProxy;
			fileType = archive.ar;
			path = libRCTWebSocket.a;
			remoteRef = 139FDEF31B06529B00C62182 /* PBXContainerItemProxy */;
			sourceTree = BUILT_PRODUCTS_DIR;
		};
		146834041AC3E56700842450 /* libReact.a */ = {
			isa = PBXReferenceProxy;
			fileType = archive.ar;
			path = libReact.a;
			remoteRef = 146834031AC3E56700842450 /* PBXContainerItemProxy */;
			sourceTree = BUILT_PRODUCTS_DIR;
		};
		78C398B91ACF4ADC00677621 /* libRCTLinking.a */ = {
			isa = PBXReferenceProxy;
			fileType = archive.ar;
			path = libRCTLinking.a;
			remoteRef = 78C398B81ACF4ADC00677621 /* PBXContainerItemProxy */;
			sourceTree = BUILT_PRODUCTS_DIR;
		};
		832341B51AAA6A8300B99B32 /* libRCTText.a */ = {
			isa = PBXReferenceProxy;
			fileType = archive.ar;
			path = libRCTText.a;
			remoteRef = 832341B41AAA6A8300B99B32 /* PBXContainerItemProxy */;
			sourceTree = BUILT_PRODUCTS_DIR;
		};
/* End PBXReferenceProxy section */

/* Begin PBXResourcesBuildPhase section */
		00E356EC1AD99517003FC87E /* Resources */ = {
			isa = PBXResourcesBuildPhase;
			buildActionMask = 2147483647;
			files = (
			);
			runOnlyForDeploymentPostprocessing = 0;
		};
		13B07F8E1A680F5B00A75B9A /* Resources */ = {
			isa = PBXResourcesBuildPhase;
			buildActionMask = 2147483647;
			files = (
				B222DFB81DBAA18C001B58F6 /* logoooo.png in Resources */,
				B2045A5B1DA343C80037E44E /* MaterialIcons.ttf in Resources */,
				B222DFBE1DBAA18C001B58F6 /* back.png in Resources */,
				B222DFF21DBAA1AF001B58F6 /* back@2x.png in Resources */,
				B222DFBF1DBAA18C001B58F6 /* back@1.5x.png in Resources */,
				B222DFEA1DBAA1AF001B58F6 /* logoooo.png in Resources */,
				B222DFBA1DBAA18C001B58F6 /* back-icon@1.5x.png in Resources */,
				B2045A5C1DA343C80037E44E /* Octicons.ttf in Resources */,
				B222DFB71DBAA18C001B58F6 /* groupstandard.jpg in Resources */,
				B222DFBC1DBAA18C001B58F6 /* back-icon@3x.png in Resources */,
				B222DFB91DBAA18C001B58F6 /* back-icon.png in Resources */,
				B222DFF41DBAA1AF001B58F6 /* back@4x.png in Resources */,
				B222DFE91DBAA1AF001B58F6 /* groupstandard.jpg in Resources */,
				B222DFEB1DBAA1AF001B58F6 /* back-icon.png in Resources */,
				B222DFF01DBAA1AF001B58F6 /* back.png in Resources */,
				B222DFBD1DBAA18C001B58F6 /* back-icon@4x.png in Resources */,
				B2045A5D1DA343C80037E44E /* Zocial.ttf in Resources */,
				B222DFF61DBAA1AF001B58F6 /* menu_burger.png in Resources */,
				B222DFC11DBAA18C001B58F6 /* back@3x.png in Resources */,
				13B07FBF1A68108700A75B9A /* Images.xcassets in Resources */,
				B222DFEC1DBAA1AF001B58F6 /* back-icon@1.5x.png in Resources */,
				B222DFEF1DBAA1AF001B58F6 /* back-icon@4x.png in Resources */,
				B222DFC41DBAA18C001B58F6 /* menu_burger.png in Resources */,
				B2045A581DA343C80037E44E /* FontAwesome.ttf in Resources */,
				B222DFC31DBAA18C001B58F6 /* back_chevron.png in Resources */,
				B2045A571DA343C80037E44E /* EvilIcons.ttf in Resources */,
				B222DFF11DBAA1AF001B58F6 /* back@1.5x.png in Resources */,
				B222DFF31DBAA1AF001B58F6 /* back@3x.png in Resources */,
				B2045A5A1DA343C80037E44E /* Ionicons.ttf in Resources */,
				B222DFF51DBAA1AF001B58F6 /* back_chevron.png in Resources */,
				B2045A591DA343C80037E44E /* Foundation.ttf in Resources */,
				B222DFC21DBAA18C001B58F6 /* back@4x.png in Resources */,
				B2045A561DA343C80037E44E /* Entypo.ttf in Resources */,
				B222DFC01DBAA18C001B58F6 /* back@2x.png in Resources */,
				13B07FBD1A68108700A75B9A /* LaunchScreen.xib in Resources */,
				B222DFED1DBAA1AF001B58F6 /* back-icon@2x.png in Resources */,
				B222DFBB1DBAA18C001B58F6 /* back-icon@2x.png in Resources */,
				B222DFEE1DBAA1AF001B58F6 /* back-icon@3x.png in Resources */,
			);
			runOnlyForDeploymentPostprocessing = 0;
		};
/* End PBXResourcesBuildPhase section */

/* Begin PBXShellScriptBuildPhase section */
		00DD1BFF1BD5951E006B06BC /* Bundle React Native code and images */ = {
			isa = PBXShellScriptBuildPhase;
			buildActionMask = 2147483647;
			files = (
			);
			inputPaths = (
			);
			name = "Bundle React Native code and images";
			outputPaths = (
			);
			runOnlyForDeploymentPostprocessing = 0;
			shellPath = /bin/sh;
			shellScript = "export NODE_BINARY=node\n../node_modules/react-native/packager/react-native-xcode.sh";
		};
/* End PBXShellScriptBuildPhase section */

/* Begin PBXSourcesBuildPhase section */
		00E356EA1AD99517003FC87E /* Sources */ = {
			isa = PBXSourcesBuildPhase;
			buildActionMask = 2147483647;
			files = (
				00E356F31AD99517003FC87E /* DemoDayTests.m in Sources */,
			);
			runOnlyForDeploymentPostprocessing = 0;
		};
		13B07F871A680F5B00A75B9A /* Sources */ = {
			isa = PBXSourcesBuildPhase;
			buildActionMask = 2147483647;
			files = (
				13B07FBC1A68108700A75B9A /* AppDelegate.m in Sources */,
				B2045A111DA2DA990037E44E /* BeaconBridge.m in Sources */,
				13B07FC11A68108700A75B9A /* main.m in Sources */,
			);
			runOnlyForDeploymentPostprocessing = 0;
		};
/* End PBXSourcesBuildPhase section */

/* Begin PBXTargetDependency section */
		00E356F51AD99517003FC87E /* PBXTargetDependency */ = {
			isa = PBXTargetDependency;
			target = 13B07F861A680F5B00A75B9A /* DemoDay */;
			targetProxy = 00E356F41AD99517003FC87E /* PBXContainerItemProxy */;
		};
/* End PBXTargetDependency section */

/* Begin PBXVariantGroup section */
		13B07FB11A68108700A75B9A /* LaunchScreen.xib */ = {
			isa = PBXVariantGroup;
			children = (
				13B07FB21A68108700A75B9A /* Base */,
			);
			name = LaunchScreen.xib;
			path = DemoDay;
			sourceTree = "<group>";
		};
/* End PBXVariantGroup section */

/* Begin XCBuildConfiguration section */
		00E356F61AD99517003FC87E /* Debug */ = {
			isa = XCBuildConfiguration;
			buildSettings = {
				BUNDLE_LOADER = "$(TEST_HOST)";
				DEVELOPMENT_TEAM = G569BU5XT9;
				GCC_PREPROCESSOR_DEFINITIONS = (
					"DEBUG=1",
					"$(inherited)",
				);
				INFOPLIST_FILE = DemoDayTests/Info.plist;
				IPHONEOS_DEPLOYMENT_TARGET = 8.0;
				LD_RUNPATH_SEARCH_PATHS = "$(inherited) @executable_path/Frameworks @loader_path/Frameworks";
				NEW_SETTING = "";
				PRODUCT_BUNDLE_IDENTIFIER = "org.reactjs.native.example.$(PRODUCT_NAME:rfc1034identifier)";
				PRODUCT_NAME = "$(TARGET_NAME)";
				TEST_HOST = "$(BUILT_PRODUCTS_DIR)/DemoDay.app/DemoDay";
			};
			name = Debug;
		};
		00E356F71AD99517003FC87E /* Release */ = {
			isa = XCBuildConfiguration;
			buildSettings = {
				BUNDLE_LOADER = "$(TEST_HOST)";
				COPY_PHASE_STRIP = NO;
				DEVELOPMENT_TEAM = G569BU5XT9;
				INFOPLIST_FILE = DemoDayTests/Info.plist;
				IPHONEOS_DEPLOYMENT_TARGET = 8.0;
				LD_RUNPATH_SEARCH_PATHS = "$(inherited) @executable_path/Frameworks @loader_path/Frameworks";
				NEW_SETTING = "";
				PRODUCT_BUNDLE_IDENTIFIER = "org.reactjs.native.example.$(PRODUCT_NAME:rfc1034identifier)";
				PRODUCT_NAME = "$(TARGET_NAME)";
				TEST_HOST = "$(BUILT_PRODUCTS_DIR)/DemoDay.app/DemoDay";
			};
			name = Release;
		};
		13B07F941A680F5B00A75B9A /* Debug */ = {
			isa = XCBuildConfiguration;
			buildSettings = {
				ASSETCATALOG_COMPILER_APPICON_NAME = "AppIcon-1";
				CODE_SIGN_IDENTITY = "iPhone Developer";
				"CODE_SIGN_IDENTITY[sdk=iphoneos*]" = "iPhone Developer";
				CURRENT_PROJECT_VERSION = 1;
				DEAD_CODE_STRIPPING = NO;
				DEVELOPMENT_TEAM = G569BU5XT9;
				FRAMEWORK_SEARCH_PATHS = (
					"$(inherited)",
					"$(PROJECT_DIR)",
				);
				HEADER_SEARCH_PATHS = (
					"$(inherited)",
					/Applications/Xcode.app/Contents/Developer/Toolchains/XcodeDefault.xctoolchain/usr/include,
					"$(SRCROOT)/../node_modules/react-native/React/**",
				);
				INFOPLIST_FILE = DemoDay/Info.plist;
				LD_RUNPATH_SEARCH_PATHS = "$(inherited) @executable_path/Frameworks";
				OTHER_LDFLAGS = (
					"$(inherited)",
					"-ObjC",
					"-lc++",
				);
				PRODUCT_BUNDLE_IDENTIFIER = com.twc3.DemoDay;
				PRODUCT_NAME = DemoDay;
				PROVISIONING_PROFILE = "5ae15194-5ce0-4031-bcf8-e0ac06ff30fb";
				PROVISIONING_PROFILE_SPECIFIER = DemoDayProfileDev;
				VERSIONING_SYSTEM = "apple-generic";
			};
			name = Debug;
		};
		13B07F951A680F5B00A75B9A /* Release */ = {
			isa = XCBuildConfiguration;
			buildSettings = {
				ASSETCATALOG_COMPILER_APPICON_NAME = "AppIcon-1";
				CODE_SIGN_IDENTITY = "iPhone Distribution";
				"CODE_SIGN_IDENTITY[sdk=iphoneos*]" = "iPhone Distribution";
				CURRENT_PROJECT_VERSION = 1;
				DEVELOPMENT_TEAM = G569BU5XT9;
				FRAMEWORK_SEARCH_PATHS = (
					"$(inherited)",
					"$(PROJECT_DIR)",
				);
				HEADER_SEARCH_PATHS = (
					"$(inherited)",
					/Applications/Xcode.app/Contents/Developer/Toolchains/XcodeDefault.xctoolchain/usr/include,
					"$(SRCROOT)/../node_modules/react-native/React/**",
				);
				INFOPLIST_FILE = DemoDay/Info.plist;
				LD_RUNPATH_SEARCH_PATHS = "$(inherited) @executable_path/Frameworks";
				OTHER_LDFLAGS = (
					"$(inherited)",
					"-ObjC",
					"-lc++",
				);
				PRODUCT_BUNDLE_IDENTIFIER = com.twc3.DemoDay;
				PRODUCT_NAME = DemoDay;
				PROVISIONING_PROFILE = "5c92905c-0426-4833-a98b-fbbd8dd96e81";
				PROVISIONING_PROFILE_SPECIFIER = DemoDayAppStore;
				VERSIONING_SYSTEM = "apple-generic";
			};
			name = Release;
		};
		83CBBA201A601CBA00E9B192 /* Debug */ = {
			isa = XCBuildConfiguration;
			buildSettings = {
				ALWAYS_SEARCH_USER_PATHS = NO;
				CLANG_CXX_LANGUAGE_STANDARD = "gnu++0x";
				CLANG_CXX_LIBRARY = "libc++";
				CLANG_ENABLE_MODULES = YES;
				CLANG_ENABLE_OBJC_ARC = YES;
				CLANG_WARN_BOOL_CONVERSION = YES;
				CLANG_WARN_CONSTANT_CONVERSION = YES;
				CLANG_WARN_DIRECT_OBJC_ISA_USAGE = YES_ERROR;
				CLANG_WARN_EMPTY_BODY = YES;
				CLANG_WARN_ENUM_CONVERSION = YES;
				CLANG_WARN_INFINITE_RECURSION = YES;
				CLANG_WARN_INT_CONVERSION = YES;
				CLANG_WARN_OBJC_ROOT_CLASS = YES_ERROR;
				CLANG_WARN_SUSPICIOUS_MOVE = YES;
				CLANG_WARN_UNREACHABLE_CODE = YES;
				CLANG_WARN__DUPLICATE_METHOD_MATCH = YES;
				"CODE_SIGN_IDENTITY[sdk=iphoneos*]" = "iPhone Developer";
				COPY_PHASE_STRIP = NO;
				ENABLE_STRICT_OBJC_MSGSEND = YES;
				ENABLE_TESTABILITY = YES;
				GCC_C_LANGUAGE_STANDARD = gnu99;
				GCC_DYNAMIC_NO_PIC = NO;
				GCC_NO_COMMON_BLOCKS = YES;
				GCC_OPTIMIZATION_LEVEL = 0;
				GCC_PREPROCESSOR_DEFINITIONS = (
					"DEBUG=1",
					"$(inherited)",
				);
				GCC_SYMBOLS_PRIVATE_EXTERN = NO;
				GCC_WARN_64_TO_32_BIT_CONVERSION = YES;
				GCC_WARN_ABOUT_RETURN_TYPE = YES_ERROR;
				GCC_WARN_UNDECLARED_SELECTOR = YES;
				GCC_WARN_UNINITIALIZED_AUTOS = YES_AGGRESSIVE;
				GCC_WARN_UNUSED_FUNCTION = YES;
				GCC_WARN_UNUSED_VARIABLE = YES;
				HEADER_SEARCH_PATHS = (
					"$(inherited)",
					/Applications/Xcode.app/Contents/Developer/Toolchains/XcodeDefault.xctoolchain/usr/include,
					"$(SRCROOT)/../node_modules/react-native/React/**",
				);
				IPHONEOS_DEPLOYMENT_TARGET = 8.0;
				MTL_ENABLE_DEBUG_INFO = YES;
				ONLY_ACTIVE_ARCH = YES;
				SDKROOT = iphoneos;
			};
			name = Debug;
		};
		83CBBA211A601CBA00E9B192 /* Release */ = {
			isa = XCBuildConfiguration;
			buildSettings = {
				ALWAYS_SEARCH_USER_PATHS = NO;
				CLANG_CXX_LANGUAGE_STANDARD = "gnu++0x";
				CLANG_CXX_LIBRARY = "libc++";
				CLANG_ENABLE_MODULES = YES;
				CLANG_ENABLE_OBJC_ARC = YES;
				CLANG_WARN_BOOL_CONVERSION = YES;
				CLANG_WARN_CONSTANT_CONVERSION = YES;
				CLANG_WARN_DIRECT_OBJC_ISA_USAGE = YES_ERROR;
				CLANG_WARN_EMPTY_BODY = YES;
				CLANG_WARN_ENUM_CONVERSION = YES;
				CLANG_WARN_INFINITE_RECURSION = YES;
				CLANG_WARN_INT_CONVERSION = YES;
				CLANG_WARN_OBJC_ROOT_CLASS = YES_ERROR;
				CLANG_WARN_SUSPICIOUS_MOVE = YES;
				CLANG_WARN_UNREACHABLE_CODE = YES;
				CLANG_WARN__DUPLICATE_METHOD_MATCH = YES;
				"CODE_SIGN_IDENTITY[sdk=iphoneos*]" = "iPhone Developer";
				COPY_PHASE_STRIP = YES;
				ENABLE_NS_ASSERTIONS = NO;
				ENABLE_STRICT_OBJC_MSGSEND = YES;
				GCC_C_LANGUAGE_STANDARD = gnu99;
				GCC_NO_COMMON_BLOCKS = YES;
				GCC_WARN_64_TO_32_BIT_CONVERSION = YES;
				GCC_WARN_ABOUT_RETURN_TYPE = YES_ERROR;
				GCC_WARN_UNDECLARED_SELECTOR = YES;
				GCC_WARN_UNINITIALIZED_AUTOS = YES_AGGRESSIVE;
				GCC_WARN_UNUSED_FUNCTION = YES;
				GCC_WARN_UNUSED_VARIABLE = YES;
				HEADER_SEARCH_PATHS = (
					"$(inherited)",
					/Applications/Xcode.app/Contents/Developer/Toolchains/XcodeDefault.xctoolchain/usr/include,
					"$(SRCROOT)/../node_modules/react-native/React/**",
				);
				IPHONEOS_DEPLOYMENT_TARGET = 8.0;
				MTL_ENABLE_DEBUG_INFO = NO;
				SDKROOT = iphoneos;
				VALIDATE_PRODUCT = YES;
			};
			name = Release;
		};
/* End XCBuildConfiguration section */

/* Begin XCConfigurationList section */
		00E357021AD99517003FC87E /* Build configuration list for PBXNativeTarget "DemoDayTests" */ = {
			isa = XCConfigurationList;
			buildConfigurations = (
				00E356F61AD99517003FC87E /* Debug */,
				00E356F71AD99517003FC87E /* Release */,
			);
			defaultConfigurationIsVisible = 0;
			defaultConfigurationName = Release;
		};
		13B07F931A680F5B00A75B9A /* Build configuration list for PBXNativeTarget "DemoDay" */ = {
			isa = XCConfigurationList;
			buildConfigurations = (
				13B07F941A680F5B00A75B9A /* Debug */,
				13B07F951A680F5B00A75B9A /* Release */,
			);
			defaultConfigurationIsVisible = 0;
			defaultConfigurationName = Release;
		};
		83CBB9FA1A601CBA00E9B192 /* Build configuration list for PBXProject "DemoDay" */ = {
			isa = XCConfigurationList;
			buildConfigurations = (
				83CBBA201A601CBA00E9B192 /* Debug */,
				83CBBA211A601CBA00E9B192 /* Release */,
			);
			defaultConfigurationIsVisible = 0;
			defaultConfigurationName = Release;
		};
/* End XCConfigurationList section */
	};
	rootObject = 83CBB9F71A601CBA00E9B192 /* Project object */;
}
